Microsoft Visual Studio Solution File, Format Version 12.00
# Visual Studio 2012
Project("{FAE04EC0-301F-11D3-BF4B-00C04F79EFBC}") = "Sandbox", "Sandbox.csproj", "{FBC1E9D1-B0E9-455E-BF99-094F586D8EB5}"
EndProject
Global
	GlobalSection(SolutionConfigurationPlatforms) = preSolution
	Debug|Any CPU = Debug|Any CPU
	ExportDebug|Any CPU = ExportDebug|Any CPU
	ExportRelease|Any CPU = ExportRelease|Any CPU
	EndGlobalSection
	GlobalSection(ProjectConfigurationPlatforms) = postSolution
		{FBC1E9D1-B0E9-455E-BF99-094F586D8EB5}.Debug|Any CPU.ActiveCfg = Debug|Any CPU
		{FBC1E9D1-B0E9-455E-BF99-094F586D8EB5}.Debug|Any CPU.Build.0 = Debug|Any CPU
		{FBC1E9D1-B0E9-455E-BF99-094F586D8EB5}.ExportDebug|Any CPU.ActiveCfg = ExportDebug|Any CPU
		{FBC1E9D1-B0E9-455E-BF99-094F586D8EB5}.ExportDebug|Any CPU.Build.0 = ExportDebug|Any CPU
		{FBC1E9D1-B0E9-455E-BF99-094F586D8EB5}.ExportRelease|Any CPU.ActiveCfg = ExportRelease|Any CPU
		{FBC1E9D1-B0E9-455E-BF99-094F586D8EB5}.ExportRelease|Any CPU.Build.0 = ExportRelease|Any CPU
	EndGlobalSection
EndGlobal
